// !$*UTF8*$!
{
	archiveVersion = 1;
	classes = {
	};
	objectVersion = 50;
	objects = {

/* Begin PBXBuildFile section */
		770EA8E8213980AD00CFE2A6 /* ContinueButton.swift in Sources */ = {isa = PBXBuildFile; fileRef = 770EA8E7213980AD00CFE2A6 /* ContinueButton.swift */; };
		770EA8EA2139A09300CFE2A6 /* Question.swift in Sources */ = {isa = PBXBuildFile; fileRef = 770EA8E92139A09300CFE2A6 /* Question.swift */; };
		770EA8EC2139A81400CFE2A6 /* QuestionVC.swift in Sources */ = {isa = PBXBuildFile; fileRef = 770EA8EB2139A81400CFE2A6 /* QuestionVC.swift */; };
		770EA8EE2139AADF00CFE2A6 /* NameButton.swift in Sources */ = {isa = PBXBuildFile; fileRef = 770EA8ED2139AADF00CFE2A6 /* NameButton.swift */; };
		771109AC213D7BBB00BD4595 /* DropDownButton.swift in Sources */ = {isa = PBXBuildFile; fileRef = 771109AB213D7BBB00BD4595 /* DropDownButton.swift */; };
		771109AE213D7C1300BD4595 /* DropDownView.swift in Sources */ = {isa = PBXBuildFile; fileRef = 771109AD213D7C1300BD4595 /* DropDownView.swift */; };
		771109B0213D7EEB00BD4595 /* GradientTableView.swift in Sources */ = {isa = PBXBuildFile; fileRef = 771109AF213D7EEB00BD4595 /* GradientTableView.swift */; };
		779871832139F1C00029A6C3 /* SettingsVC.swift in Sources */ = {isa = PBXBuildFile; fileRef = 779871822139F1C00029A6C3 /* SettingsVC.swift */; };
		77987185213A98050029A6C3 /* QuestionModel.swift in Sources */ = {isa = PBXBuildFile; fileRef = 77987184213A98050029A6C3 /* QuestionModel.swift */; };
		77987187213A99030029A6C3 /* QuestionBank.swift in Sources */ = {isa = PBXBuildFile; fileRef = 77987186213A99030029A6C3 /* QuestionBank.swift */; };
		77987189213C304A0029A6C3 /* WinnerVC.swift in Sources */ = {isa = PBXBuildFile; fileRef = 77987188213C304A0029A6C3 /* WinnerVC.swift */; };
		7798718B213C30FD0029A6C3 /* AndTheWinnerIsText.swift in Sources */ = {isa = PBXBuildFile; fileRef = 7798718A213C30FD0029A6C3 /* AndTheWinnerIsText.swift */; };
		7798718D213C5A640029A6C3 /* ActionModel.swift in Sources */ = {isa = PBXBuildFile; fileRef = 7798718C213C5A640029A6C3 /* ActionModel.swift */; };
		7798718F213C5A710029A6C3 /* ActionBank.swift in Sources */ = {isa = PBXBuildFile; fileRef = 7798718E213C5A710029A6C3 /* ActionBank.swift */; };
		77C714AB21381EE10040506F /* AppDelegate.swift in Sources */ = {isa = PBXBuildFile; fileRef = 77C714AA21381EE10040506F /* AppDelegate.swift */; };
		77C714AD21381EE10040506F /* ViewController.swift in Sources */ = {isa = PBXBuildFile; fileRef = 77C714AC21381EE10040506F /* ViewController.swift */; };
		77C714B021381EE10040506F /* Main.storyboard in Resources */ = {isa = PBXBuildFile; fileRef = 77C714AE21381EE10040506F /* Main.storyboard */; };
		77C714B221381EE80040506F /* Assets.xcassets in Resources */ = {isa = PBXBuildFile; fileRef = 77C714B121381EE80040506F /* Assets.xcassets */; };
		77C714B521381EE80040506F /* LaunchScreen.storyboard in Resources */ = {isa = PBXBuildFile; fileRef = 77C714B321381EE80040506F /* LaunchScreen.storyboard */; };
		77C714C6213820D10040506F /* Default-568h@2x.png in Resources */ = {isa = PBXBuildFile; fileRef = 77C714C5213820D10040506F /* Default-568h@2x.png */; };
		77C714C821386BE60040506F /* Brusher-Regular.otf in Resources */ = {isa = PBXBuildFile; fileRef = 77C714C721386BE60040506F /* Brusher-Regular.otf */; };
		77C714CA2138734A0040506F /* UIView + Extension.swift in Sources */ = {isa = PBXBuildFile; fileRef = 77C714C92138734A0040506F /* UIView + Extension.swift */; };
		77C714CC213875390040506F /* Constants.swift in Sources */ = {isa = PBXBuildFile; fileRef = 77C714CB213875390040506F /* Constants.swift */; };
		77C714CF21387CF30040506F /* StartButton.swift in Sources */ = {isa = PBXBuildFile; fileRef = 77C714CE21387CF30040506F /* StartButton.swift */; };
/* End PBXBuildFile section */

/* Begin PBXFileReference section */
		770EA8E7213980AD00CFE2A6 /* ContinueButton.swift */ = {isa = PBXFileReference; lastKnownFileType = sourcecode.swift; path = ContinueButton.swift; sourceTree = "<group>"; };
		770EA8E92139A09300CFE2A6 /* Question.swift */ = {isa = PBXFileReference; lastKnownFileType = sourcecode.swift; path = Question.swift; sourceTree = "<group>"; };
		770EA8EB2139A81400CFE2A6 /* QuestionVC.swift */ = {isa = PBXFileReference; lastKnownFileType = sourcecode.swift; path = QuestionVC.swift; sourceTree = "<group>"; };
		770EA8ED2139AADF00CFE2A6 /* NameButton.swift */ = {isa = PBXFileReference; lastKnownFileType = sourcecode.swift; path = NameButton.swift; sourceTree = "<group>"; };
		771109AB213D7BBB00BD4595 /* DropDownButton.swift */ = {isa = PBXFileReference; lastKnownFileType = sourcecode.swift; path = DropDownButton.swift; sourceTree = "<group>"; };
		771109AD213D7C1300BD4595 /* DropDownView.swift */ = {isa = PBXFileReference; lastKnownFileType = sourcecode.swift; path = DropDownView.swift; sourceTree = "<group>"; };
		771109AF213D7EEB00BD4595 /* GradientTableView.swift */ = {isa = PBXFileReference; lastKnownFileType = sourcecode.swift; path = GradientTableView.swift; sourceTree = "<group>"; };
		779871822139F1C00029A6C3 /* SettingsVC.swift */ = {isa = PBXFileReference; lastKnownFileType = sourcecode.swift; path = SettingsVC.swift; sourceTree = "<group>"; };
		77987184213A98050029A6C3 /* QuestionModel.swift */ = {isa = PBXFileReference; lastKnownFileType = sourcecode.swift; path = QuestionModel.swift; sourceTree = "<group>"; };
		77987186213A99030029A6C3 /* QuestionBank.swift */ = {isa = PBXFileReference; lastKnownFileType = sourcecode.swift; path = QuestionBank.swift; sourceTree = "<group>"; };
		77987188213C304A0029A6C3 /* WinnerVC.swift */ = {isa = PBXFileReference; lastKnownFileType = sourcecode.swift; path = WinnerVC.swift; sourceTree = "<group>"; };
		7798718A213C30FD0029A6C3 /* AndTheWinnerIsText.swift */ = {isa = PBXFileReference; lastKnownFileType = sourcecode.swift; path = AndTheWinnerIsText.swift; sourceTree = "<group>"; };
		7798718C213C5A640029A6C3 /* ActionModel.swift */ = {isa = PBXFileReference; lastKnownFileType = sourcecode.swift; path = ActionModel.swift; sourceTree = "<group>"; };
		7798718E213C5A710029A6C3 /* ActionBank.swift */ = {isa = PBXFileReference; lastKnownFileType = sourcecode.swift; path = ActionBank.swift; sourceTree = "<group>"; };
		77C714A721381EE10040506F /* Who.app */ = {isa = PBXFileReference; explicitFileType = wrapper.application; includeInIndex = 0; path = Who.app; sourceTree = BUILT_PRODUCTS_DIR; };
		77C714AA21381EE10040506F /* AppDelegate.swift */ = {isa = PBXFileReference; lastKnownFileType = sourcecode.swift; path = AppDelegate.swift; sourceTree = "<group>"; };
		77C714AC21381EE10040506F /* ViewController.swift */ = {isa = PBXFileReference; lastKnownFileType = sourcecode.swift; path = ViewController.swift; sourceTree = "<group>"; };
		77C714AF21381EE10040506F /* Base */ = {isa = PBXFileReference; lastKnownFileType = file.storyboard; name = Base; path = Base.lproj/Main.storyboard; sourceTree = "<group>"; };
		77C714B121381EE80040506F /* Assets.xcassets */ = {isa = PBXFileReference; lastKnownFileType = folder.assetcatalog; path = Assets.xcassets; sourceTree = "<group>"; };
		77C714B421381EE80040506F /* Base */ = {isa = PBXFileReference; lastKnownFileType = file.storyboard; name = Base; path = Base.lproj/LaunchScreen.storyboard; sourceTree = "<group>"; };
		77C714B621381EE80040506F /* Info.plist */ = {isa = PBXFileReference; lastKnownFileType = text.plist.xml; path = Info.plist; sourceTree = "<group>"; };
		77C714C5213820D10040506F /* Default-568h@2x.png */ = {isa = PBXFileReference; lastKnownFileType = image.png; path = "Default-568h@2x.png"; sourceTree = "<group>"; };
		77C714C721386BE60040506F /* Brusher-Regular.otf */ = {isa = PBXFileReference; lastKnownFileType = file; name = "Brusher-Regular.otf"; path = "../../../../../Downloads/Brusher Free Font/Brusher-Regular.otf"; sourceTree = "<group>"; };
		77C714C92138734A0040506F /* UIView + Extension.swift */ = {isa = PBXFileReference; lastKnownFileType = sourcecode.swift; path = "UIView + Extension.swift"; sourceTree = "<group>"; };
		77C714CB213875390040506F /* Constants.swift */ = {isa = PBXFileReference; lastKnownFileType = sourcecode.swift; path = Constants.swift; sourceTree = "<group>"; };
		77C714CE21387CF30040506F /* StartButton.swift */ = {isa = PBXFileReference; lastKnownFileType = sourcecode.swift; path = StartButton.swift; sourceTree = "<group>"; };
/* End PBXFileReference section */

/* Begin PBXFrameworksBuildPhase section */
		77C714A421381EE10040506F /* Frameworks */ = {
			isa = PBXFrameworksBuildPhase;
			buildActionMask = 2147483647;
			files = (
			);
			runOnlyForDeploymentPostprocessing = 0;
		};
/* End PBXFrameworksBuildPhase section */

/* Begin PBXGroup section */
		77C7149E21381EE10040506F = {
			isa = PBXGroup;
			children = (
				77C714C5213820D10040506F /* Default-568h@2x.png */,
				77C714A921381EE10040506F /* Who */,
				77C714A821381EE10040506F /* Products */,
			);
			sourceTree = "<group>";
		};
		77C714A821381EE10040506F /* Products */ = {
			isa = PBXGroup;
			children = (
				77C714A721381EE10040506F /* Who.app */,
			);
			name = Products;
			sourceTree = "<group>";
		};
		77C714A921381EE10040506F /* Who */ = {
			isa = PBXGroup;
			children = (
				77C714CD21387C6C0040506F /* Storyboards */,
				77C714BC21381F170040506F /* Model */,
				77C714BD21381F250040506F /* Custom Views */,
				77C714BE21381F420040506F /* Controller */,
				77C714BF21381F620040506F /* Support */,
				77C714AA21381EE10040506F /* AppDelegate.swift */,
				77C714B121381EE80040506F /* Assets.xcassets */,
				77C714B621381EE80040506F /* Info.plist */,
			);
			path = Who;
			sourceTree = "<group>";
		};
		77C714BC21381F170040506F /* Model */ = {
			isa = PBXGroup;
			children = (
				77C714CB213875390040506F /* Constants.swift */,
				77987184213A98050029A6C3 /* QuestionModel.swift */,
				77987186213A99030029A6C3 /* QuestionBank.swift */,
				7798718C213C5A640029A6C3 /* ActionModel.swift */,
				7798718E213C5A710029A6C3 /* ActionBank.swift */,
			);
			path = Model;
			sourceTree = "<group>";
		};
		77C714BD21381F250040506F /* Custom Views */ = {
			isa = PBXGroup;
			children = (
				77C714C92138734A0040506F /* UIView + Extension.swift */,
				77C714CE21387CF30040506F /* StartButton.swift */,
				770EA8E7213980AD00CFE2A6 /* ContinueButton.swift */,
				770EA8E92139A09300CFE2A6 /* Question.swift */,
				770EA8ED2139AADF00CFE2A6 /* NameButton.swift */,
				7798718A213C30FD0029A6C3 /* AndTheWinnerIsText.swift */,
				771109AB213D7BBB00BD4595 /* DropDownButton.swift */,
				771109AD213D7C1300BD4595 /* DropDownView.swift */,
				771109AF213D7EEB00BD4595 /* GradientTableView.swift */,
			);
			path = "Custom Views";
			sourceTree = "<group>";
		};
		77C714BE21381F420040506F /* Controller */ = {
			isa = PBXGroup;
			children = (
				77C714AC21381EE10040506F /* ViewController.swift */,
				770EA8EB2139A81400CFE2A6 /* QuestionVC.swift */,
				779871822139F1C00029A6C3 /* SettingsVC.swift */,
				77987188213C304A0029A6C3 /* WinnerVC.swift */,
			);
			path = Controller;
			sourceTree = "<group>";
		};
		77C714BF21381F620040506F /* Support */ = {
			isa = PBXGroup;
			children = (
				77C714C721386BE60040506F /* Brusher-Regular.otf */,
			);
			path = Support;
			sourceTree = "<group>";
		};
		77C714CD21387C6C0040506F /* Storyboards */ = {
			isa = PBXGroup;
			children = (
				77C714AE21381EE10040506F /* Main.storyboard */,
				77C714B321381EE80040506F /* LaunchScreen.storyboard */,
			);
			path = Storyboards;
			sourceTree = "<group>";
		};
/* End PBXGroup section */

/* Begin PBXNativeTarget section */
		77C714A621381EE10040506F /* Who */ = {
			isa = PBXNativeTarget;
			buildConfigurationList = 77C714B921381EE80040506F /* Build configuration list for PBXNativeTarget "Who" */;
			buildPhases = (
				77C714A321381EE10040506F /* Sources */,
				77C714A421381EE10040506F /* Frameworks */,
				77C714A521381EE10040506F /* Resources */,
			);
			buildRules = (
			);
			dependencies = (
			);
			name = Who;
			productName = Who;
			productReference = 77C714A721381EE10040506F /* Who.app */;
			productType = "com.apple.product-type.application";
		};
/* End PBXNativeTarget section */

/* Begin PBXProject section */
		77C7149F21381EE10040506F /* Project object */ = {
			isa = PBXProject;
			attributes = {
				LastSwiftUpdateCheck = 0940;
				LastUpgradeCheck = 0940;
				ORGANIZATIONNAME = "Christian Jensen";
				TargetAttributes = {
					77C714A621381EE10040506F = {
						CreatedOnToolsVersion = 9.4.1;
					};
				};
			};
			buildConfigurationList = 77C714A221381EE10040506F /* Build configuration list for PBXProject "Who" */;
			compatibilityVersion = "Xcode 9.3";
			developmentRegion = en;
			hasScannedForEncodings = 0;
			knownRegions = (
				en,
				Base,
			);
			mainGroup = 77C7149E21381EE10040506F;
			productRefGroup = 77C714A821381EE10040506F /* Products */;
			projectDirPath = "";
			projectRoot = "";
			targets = (
				77C714A621381EE10040506F /* Who */,
			);
		};
/* End PBXProject section */

/* Begin PBXResourcesBuildPhase section */
		77C714A521381EE10040506F /* Resources */ = {
			isa = PBXResourcesBuildPhase;
			buildActionMask = 2147483647;
			files = (
				77C714B521381EE80040506F /* LaunchScreen.storyboard in Resources */,
				77C714C821386BE60040506F /* Brusher-Regular.otf in Resources */,
				77C714B221381EE80040506F /* Assets.xcassets in Resources */,
				77C714C6213820D10040506F /* Default-568h@2x.png in Resources */,
				77C714B021381EE10040506F /* Main.storyboard in Resources */,
			);
			runOnlyForDeploymentPostprocessing = 0;
		};
/* End PBXResourcesBuildPhase section */

/* Begin PBXSourcesBuildPhase section */
		77C714A321381EE10040506F /* Sources */ = {
			isa = PBXSourcesBuildPhase;
			buildActionMask = 2147483647;
			files = (
				770EA8E8213980AD00CFE2A6 /* ContinueButton.swift in Sources */,
				77C714AD21381EE10040506F /* ViewController.swift in Sources */,
				77987185213A98050029A6C3 /* QuestionModel.swift in Sources */,
				770EA8EE2139AADF00CFE2A6 /* NameButton.swift in Sources */,
				770EA8EA2139A09300CFE2A6 /* Question.swift in Sources */,
				771109AE213D7C1300BD4595 /* DropDownView.swift in Sources */,
				7798718F213C5A710029A6C3 /* ActionBank.swift in Sources */,
				771109B0213D7EEB00BD4595 /* GradientTableView.swift in Sources */,
				7798718D213C5A640029A6C3 /* ActionModel.swift in Sources */,
				77987187213A99030029A6C3 /* QuestionBank.swift in Sources */,
				77C714AB21381EE10040506F /* AppDelegate.swift in Sources */,
				770EA8EC2139A81400CFE2A6 /* QuestionVC.swift in Sources */,
				771109AC213D7BBB00BD4595 /* DropDownButton.swift in Sources */,
				77C714CA2138734A0040506F /* UIView + Extension.swift in Sources */,
				77C714CF21387CF30040506F /* StartButton.swift in Sources */,
				77C714CC213875390040506F /* Constants.swift in Sources */,
				77987189213C304A0029A6C3 /* WinnerVC.swift in Sources */,
				779871832139F1C00029A6C3 /* SettingsVC.swift in Sources */,
				7798718B213C30FD0029A6C3 /* AndTheWinnerIsText.swift in Sources */,
			);
			runOnlyForDeploymentPostprocessing = 0;
		};
/* End PBXSourcesBuildPhase section */

/* Begin PBXVariantGroup section */
		77C714AE21381EE10040506F /* Main.storyboard */ = {
			isa = PBXVariantGroup;
			children = (
				77C714AF21381EE10040506F /* Base */,
			);
			name = Main.storyboard;
			sourceTree = "<group>";
		};
		77C714B321381EE80040506F /* LaunchScreen.storyboard */ = {
			isa = PBXVariantGroup;
			children = (
				77C714B421381EE80040506F /* Base */,
			);
			name = LaunchScreen.storyboard;
			sourceTree = "<group>";
		};
/* End PBXVariantGroup section */

/* Begin XCBuildConfiguration section */
		77C714B721381EE80040506F /* Debug */ = {
			isa = XCBuildConfiguration;
			buildSettings = {
				ALWAYS_SEARCH_USER_PATHS = NO;
				CLANG_ANALYZER_NONNULL = YES;
				CLANG_ANALYZER_NUMBER_OBJECT_CONVERSION = YES_AGGRESSIVE;
				CLANG_CXX_LANGUAGE_STANDARD = "gnu++14";
				CLANG_CXX_LIBRARY = "libc++";
				CLANG_ENABLE_MODULES = YES;
				CLANG_ENABLE_OBJC_ARC = YES;
				CLANG_ENABLE_OBJC_WEAK = YES;
				CLANG_WARN_BLOCK_CAPTURE_AUTORELEASING = YES;
				CLANG_WARN_BOOL_CONVERSION = YES;
				CLANG_WARN_COMMA = YES;
				CLANG_WARN_CONSTANT_CONVERSION = YES;
				CLANG_WARN_DEPRECATED_OBJC_IMPLEMENTATIONS = YES;
				CLANG_WARN_DIRECT_OBJC_ISA_USAGE = YES_ERROR;
				CLANG_WARN_DOCUMENTATION_COMMENTS = YES;
				CLANG_WARN_EMPTY_BODY = YES;
				CLANG_WARN_ENUM_CONVERSION = YES;
				CLANG_WARN_INFINITE_RECURSION = YES;
				CLANG_WARN_INT_CONVERSION = YES;
				CLANG_WARN_NON_LITERAL_NULL_CONVERSION = YES;
				CLANG_WARN_OBJC_IMPLICIT_RETAIN_SELF = YES;
				CLANG_WARN_OBJC_LITERAL_CONVERSION = YES;
				CLANG_WARN_OBJC_ROOT_CLASS = YES_ERROR;
				CLANG_WARN_RANGE_LOOP_ANALYSIS = YES;
				CLANG_WARN_STRICT_PROTOTYPES = YES;
				CLANG_WARN_SUSPICIOUS_MOVE = YES;
				CLANG_WARN_UNGUARDED_AVAILABILITY = YES_AGGRESSIVE;
				CLANG_WARN_UNREACHABLE_CODE = YES;
				CLANG_WARN__DUPLICATE_METHOD_MATCH = YES;
				CODE_SIGN_IDENTITY = "iPhone Developer";
				COPY_PHASE_STRIP = NO;
				DEBUG_INFORMATION_FORMAT = dwarf;
				ENABLE_STRICT_OBJC_MSGSEND = YES;
				ENABLE_TESTABILITY = YES;
				GCC_C_LANGUAGE_STANDARD = gnu11;
				GCC_DYNAMIC_NO_PIC = NO;
				GCC_NO_COMMON_BLOCKS = YES;
				GCC_OPTIMIZATION_LEVEL = 0;
				GCC_PREPROCESSOR_DEFINITIONS = (
					"DEBUG=1",
					"$(inherited)",
				);
				GCC_WARN_64_TO_32_BIT_CONVERSION = YES;
				GCC_WARN_ABOUT_RETURN_TYPE = YES_ERROR;
				GCC_WARN_UNDECLARED_SELECTOR = YES;
				GCC_WARN_UNINITIALIZED_AUTOS = YES_AGGRESSIVE;
				GCC_WARN_UNUSED_FUNCTION = YES;
				GCC_WARN_UNUSED_VARIABLE = YES;
				IPHONEOS_DEPLOYMENT_TARGET = 11.4;
				MTL_ENABLE_DEBUG_INFO = YES;
				ONLY_ACTIVE_ARCH = YES;
				SDKROOT = iphoneos;
				SWIFT_ACTIVE_COMPILATION_CONDITIONS = DEBUG;
				SWIFT_OPTIMIZATION_LEVEL = "-Onone";
			};
			name = Debug;
		};
		77C714B821381EE80040506F /* Release */ = {
			isa = XCBuildConfiguration;
			buildSettings = {
				ALWAYS_SEARCH_USER_PATHS = NO;
				CLANG_ANALYZER_NONNULL = YES;
				CLANG_ANALYZER_NUMBER_OBJECT_CONVERSION = YES_AGGRESSIVE;
				CLANG_CXX_LANGUAGE_STANDARD = "gnu++14";
				CLANG_CXX_LIBRARY = "libc++";
				CLANG_ENABLE_MODULES = YES;
				CLANG_ENABLE_OBJC_ARC = YES;
				CLANG_ENABLE_OBJC_WEAK = YES;
				CLANG_WARN_BLOCK_CAPTURE_AUTORELEASING = YES;
				CLANG_WARN_BOOL_CONVERSION = YES;
				CLANG_WARN_COMMA = YES;
				CLANG_WARN_CONSTANT_CONVERSION = YES;
				CLANG_WARN_DEPRECATED_OBJC_IMPLEMENTATIONS = YES;
				CLANG_WARN_DIRECT_OBJC_ISA_USAGE = YES_ERROR;
				CLANG_WARN_DOCUMENTATION_COMMENTS = YES;
				CLANG_WARN_EMPTY_BODY = YES;
				CLANG_WARN_ENUM_CONVERSION = YES;
				CLANG_WARN_INFINITE_RECURSION = YES;
				CLANG_WARN_INT_CONVERSION = YES;
				CLANG_WARN_NON_LITERAL_NULL_CONVERSION = YES;
				CLANG_WARN_OBJC_IMPLICIT_RETAIN_SELF = YES;
				CLANG_WARN_OBJC_LITERAL_CONVERSION = YES;
				CLANG_WARN_OBJC_ROOT_CLASS = YES_ERROR;
				CLANG_WARN_RANGE_LOOP_ANALYSIS = YES;
				CLANG_WARN_STRICT_PROTOTYPES = YES;
				CLANG_WARN_SUSPICIOUS_MOVE = YES;
				CLANG_WARN_UNGUARDED_AVAILABILITY = YES_AGGRESSIVE;
				CLANG_WARN_UNREACHABLE_CODE = YES;
				CLANG_WARN__DUPLICATE_METHOD_MATCH = YES;
				CODE_SIGN_IDENTITY = "iPhone Developer";
				COPY_PHASE_STRIP = NO;
				DEBUG_INFORMATION_FORMAT = "dwarf-with-dsym";
				ENABLE_NS_ASSERTIONS = NO;
				ENABLE_STRICT_OBJC_MSGSEND = YES;
				GCC_C_LANGUAGE_STANDARD = gnu11;
				GCC_NO_COMMON_BLOCKS = YES;
				GCC_WARN_64_TO_32_BIT_CONVERSION = YES;
				GCC_WARN_ABOUT_RETURN_TYPE = YES_ERROR;
				GCC_WARN_UNDECLARED_SELECTOR = YES;
				GCC_WARN_UNINITIALIZED_AUTOS = YES_AGGRESSIVE;
				GCC_WARN_UNUSED_FUNCTION = YES;
				GCC_WARN_UNUSED_VARIABLE = YES;
				IPHONEOS_DEPLOYMENT_TARGET = 11.4;
				MTL_ENABLE_DEBUG_INFO = NO;
				SDKROOT = iphoneos;
				SWIFT_COMPILATION_MODE = wholemodule;
				SWIFT_OPTIMIZATION_LEVEL = "-O";
				VALIDATE_PRODUCT = YES;
			};
			name = Release;
		};
		77C714BA21381EE80040506F /* Debug */ = {
			isa = XCBuildConfiguration;
			buildSettings = {
				ASSETCATALOG_COMPILER_APPICON_NAME = AppIcon;
				CODE_SIGN_STYLE = Automatic;
				DEVELOPMENT_TEAM = GDV832UB7C;
				INFOPLIST_FILE = Who/Info.plist;
				LD_RUNPATH_SEARCH_PATHS = (
					"$(inherited)",
					"@executable_path/Frameworks",
				);
				PRODUCT_BUNDLE_IDENTIFIER = moelholt.Who;
				PRODUCT_NAME = "$(TARGET_NAME)";
				SWIFT_VERSION = 4.0;
				TARGETED_DEVICE_FAMILY = 1;
			};
			name = Debug;
		};
		77C714BB21381EE80040506F /* Release */ = {
			isa = XCBuildConfiguration;
			buildSettings = {
				ASSETCATALOG_COMPILER_APPICON_NAME = AppIcon;
				CODE_SIGN_STYLE = Automatic;
				DEVELOPMENT_TEAM = GDV832UB7C;
				INFOPLIST_FILE = Who/Info.plist;
				LD_RUNPATH_SEARCH_PATHS = (
					"$(inherited)",
					"@executable_path/Frameworks",
				);
				PRODUCT_BUNDLE_IDENTIFIER = moelholt.Who;
				PRODUCT_NAME = "$(TARGET_NAME)";
				SWIFT_VERSION = 4.0;
				TARGETED_DEVICE_FAMILY = 1;
			};
			name = Release;
		};
/* End XCBuildConfiguration section */

/* Begin XCConfigurationList section */
		77C714A221381EE10040506F /* Build configuration list for PBXProject "Who" */ = {
			isa = XCConfigurationList;
			buildConfigurations = (
				77C714B721381EE80040506F /* Debug */,
				77C714B821381EE80040506F /* Release */,
			);
			defaultConfigurationIsVisible = 0;
			defaultConfigurationName = Release;
		};
		77C714B921381EE80040506F /* Build configuration list for PBXNativeTarget "Who" */ = {
			isa = XCConfigurationList;
			buildConfigurations = (
				77C714BA21381EE80040506F /* Debug */,
				77C714BB21381EE80040506F /* Release */,
			);
			defaultConfigurationIsVisible = 0;
			defaultConfigurationName = Release;
		};
/* End XCConfigurationList section */
	};
	rootObject = 77C7149F21381EE10040506F /* Project object */;
}
